
Microsoft Visual Studio Solution File, Format Version 12.00
# Visual Studio Version 17
VisualStudioVersion = 17.8.34525.116
MinimumVisualStudioVersion = 10.0.40219.1
Project("{FAE04EC0-301F-11D3-BF4B-00C04F79EFBC}") = "Workaraound", "Workaraound\Workaraound.csproj", "{5FCB168C-FF8B-4243-A50A-1C147F29B7CC}"
EndProject
Project("{FAE04EC0-301F-11D3-BF4B-00C04F79EFBC}") = "Entities", "Entities\Entities.csproj", "{38A1B2DF-6F3E-49EE-AEF5-EA3E2E4A81EE}"
EndProject
Project("{FAE04EC0-301F-11D3-BF4B-00C04F79EFBC}") = "Business", "Business\Business.csproj", "{81B8899E-44F3-495E-AD0A-FD56B5385141}"
EndProject
Global
	GlobalSection(SolutionConfigurationPlatforms) = preSolution
		Debug|Any CPU = Debug|Any CPU
		Release|Any CPU = Release|Any CPU
	EndGlobalSection
	GlobalSection(ProjectConfigurationPlatforms) = postSolution
		{5FCB168C-FF8B-4243-A50A-1C147F29B7CC}.Debug|Any CPU.ActiveCfg = Debug|Any CPU
		{5FCB168C-FF8B-4243-A50A-1C147F29B7CC}.Debug|Any CPU.Build.0 = Debug|Any CPU
		{5FCB168C-FF8B-4243-A50A-1C147F29B7CC}.Release|Any CPU.ActiveCfg = Release|Any CPU
		{5FCB168C-FF8B-4243-A50A-1C147F29B7CC}.Release|Any CPU.Build.0 = Release|Any CPU
		{38A1B2DF-6F3E-49EE-AEF5-EA3E2E4A81EE}.Debug|Any CPU.ActiveCfg = Debug|Any CPU
		{38A1B2DF-6F3E-49EE-AEF5-EA3E2E4A81EE}.Debug|Any CPU.Build.0 = Debug|Any CPU
		{38A1B2DF-6F3E-49EE-AEF5-EA3E2E4A81EE}.Release|Any CPU.ActiveCfg = Release|Any CPU
		{38A1B2DF-6F3E-49EE-AEF5-EA3E2E4A81EE}.Release|Any CPU.Build.0 = Release|Any CPU
		{81B8899E-44F3-495E-AD0A-FD56B5385141}.Debug|Any CPU.ActiveCfg = Debug|Any CPU
		{81B8899E-44F3-495E-AD0A-FD56B5385141}.Debug|Any CPU.Build.0 = Debug|Any CPU
		{81B8899E-44F3-495E-AD0A-FD56B5385141}.Release|Any CPU.ActiveCfg = Release|Any CPU
		{81B8899E-44F3-495E-AD0A-FD56B5385141}.Release|Any CPU.Build.0 = Release|Any CPU
	EndGlobalSection
	GlobalSection(SolutionProperties) = preSolution
		HideSolutionNode = FALSE
	EndGlobalSection
	GlobalSection(ExtensibilityGlobals) = postSolution
		SolutionGuid = {4C98C6E8-F504-4D0B-B480-41FAC807DD7C}
	EndGlobalSection
EndGlobal
